
Microsoft Visual Studio Solution File, Format Version 12.00
# Visual Studio Version 16
VisualStudioVersion = 16.0.31025.194
MinimumVisualStudioVersion = 10.0.40219.1
Project("{FAE04EC0-301F-11D3-BF4B-00C04F79EFBC}") = "WpfApplicationChart_v2", "WpfApplicationChart_v2\WpfApplicationChart_v2.csproj", "{21788A58-DDEB-4977-AC14-7FB299B1E478}"
EndProject
Global
	GlobalSection(SolutionConfigurationPlatforms) = preSolution
		Debug|Any CPU = Debug|Any CPU
		Release|Any CPU = Release|Any CPU
	EndGlobalSection
	GlobalSection(ProjectConfigurationPlatforms) = postSolution
		{21788A58-DDEB-4977-AC14-7FB299B1E478}.Debug|Any CPU.ActiveCfg = Debug|Any CPU
		{21788A58-DDEB-4977-AC14-7FB299B1E478}.Debug|Any CPU.Build.0 = Debug|Any CPU
		{21788A58-DDEB-4977-AC14-7FB299B1E478}.Release|Any CPU.ActiveCfg = Release|Any CPU
		{21788A58-DDEB-4977-AC14-7FB299B1E478}.Release|Any CPU.Build.0 = Release|Any CPU
	EndGlobalSection
	GlobalSection(SolutionProperties) = preSolution
		HideSolutionNode = FALSE
	EndGlobalSection
	GlobalSection(ExtensibilityGlobals) = postSolution
		SolutionGuid = {4B36C773-76C1-4C78-9209-54C269354201}
	EndGlobalSection
EndGlobal
