
Microsoft Visual Studio Solution File, Format Version 12.00
# Visual Studio Version 16
VisualStudioVersion = 16.0.31025.194
MinimumVisualStudioVersion = 10.0.40219.1
Project("{FAE04EC0-301F-11D3-BF4B-00C04F79EFBC}") = "CustomerManager", "CustomerManager\CustomerManager.csproj", "{D96470CF-8C79-4C35-99A6-597DBAFAC980}"
EndProject
Project("{FAE04EC0-301F-11D3-BF4B-00C04F79EFBC}") = "CodeFirst", "CodeFirst\CodeFirst.csproj", "{2708B3B0-6078-4ABD-8040-0C7FB5818B0C}"
EndProject
Global
	GlobalSection(SolutionConfigurationPlatforms) = preSolution
		Debug|Any CPU = Debug|Any CPU
		Release|Any CPU = Release|Any CPU
	EndGlobalSection
	GlobalSection(ProjectConfigurationPlatforms) = postSolution
		{D96470CF-8C79-4C35-99A6-597DBAFAC980}.Debug|Any CPU.ActiveCfg = Debug|Any CPU
		{D96470CF-8C79-4C35-99A6-597DBAFAC980}.Debug|Any CPU.Build.0 = Debug|Any CPU
		{D96470CF-8C79-4C35-99A6-597DBAFAC980}.Release|Any CPU.ActiveCfg = Release|Any CPU
		{D96470CF-8C79-4C35-99A6-597DBAFAC980}.Release|Any CPU.Build.0 = Release|Any CPU
		{2708B3B0-6078-4ABD-8040-0C7FB5818B0C}.Debug|Any CPU.ActiveCfg = Debug|Any CPU
		{2708B3B0-6078-4ABD-8040-0C7FB5818B0C}.Debug|Any CPU.Build.0 = Debug|Any CPU
		{2708B3B0-6078-4ABD-8040-0C7FB5818B0C}.Release|Any CPU.ActiveCfg = Release|Any CPU
		{2708B3B0-6078-4ABD-8040-0C7FB5818B0C}.Release|Any CPU.Build.0 = Release|Any CPU
	EndGlobalSection
	GlobalSection(SolutionProperties) = preSolution
		HideSolutionNode = FALSE
	EndGlobalSection
	GlobalSection(ExtensibilityGlobals) = postSolution
		SolutionGuid = {D0FCCDD5-0085-4289-93DE-4C308E1ABF4C}
	EndGlobalSection
EndGlobal
