
Microsoft Visual Studio Solution File, Format Version 12.00
# Visual Studio Version 16
VisualStudioVersion = 16.0.31025.194
MinimumVisualStudioVersion = 10.0.40219.1
Project("{FAE04EC0-301F-11D3-BF4B-00C04F79EFBC}") = "WorkingDataTable", "WorkingDataTable\WorkingDataTable.csproj", "{F27FF630-06D2-4B13-A91E-D8121F01400D}"
EndProject
Global
	GlobalSection(SolutionConfigurationPlatforms) = preSolution
		Debug|Any CPU = Debug|Any CPU
		Release|Any CPU = Release|Any CPU
	EndGlobalSection
	GlobalSection(ProjectConfigurationPlatforms) = postSolution
		{F27FF630-06D2-4B13-A91E-D8121F01400D}.Debug|Any CPU.ActiveCfg = Debug|Any CPU
		{F27FF630-06D2-4B13-A91E-D8121F01400D}.Debug|Any CPU.Build.0 = Debug|Any CPU
		{F27FF630-06D2-4B13-A91E-D8121F01400D}.Release|Any CPU.ActiveCfg = Release|Any CPU
		{F27FF630-06D2-4B13-A91E-D8121F01400D}.Release|Any CPU.Build.0 = Release|Any CPU
	EndGlobalSection
	GlobalSection(SolutionProperties) = preSolution
		HideSolutionNode = FALSE
	EndGlobalSection
	GlobalSection(ExtensibilityGlobals) = postSolution
		SolutionGuid = {B5265216-EA06-4E26-9D45-B153931A8E89}
	EndGlobalSection
EndGlobal
