
Microsoft Visual Studio Solution File, Format Version 12.00
# Visual Studio Version 16
VisualStudioVersion = 16.0.30503.244
MinimumVisualStudioVersion = 10.0.40219.1
Project("{FAE04EC0-301F-11D3-BF4B-00C04F79EFBC}") = "WpfHello", "WpfHello\WpfHello.csproj", "{5879498E-BDBD-47D8-B6A3-7499C04C994E}"
EndProject
Global
	GlobalSection(SolutionConfigurationPlatforms) = preSolution
		Debug|Any CPU = Debug|Any CPU
		Release|Any CPU = Release|Any CPU
	EndGlobalSection
	GlobalSection(ProjectConfigurationPlatforms) = postSolution
		{5879498E-BDBD-47D8-B6A3-7499C04C994E}.Debug|Any CPU.ActiveCfg = Debug|Any CPU
		{5879498E-BDBD-47D8-B6A3-7499C04C994E}.Debug|Any CPU.Build.0 = Debug|Any CPU
		{5879498E-BDBD-47D8-B6A3-7499C04C994E}.Release|Any CPU.ActiveCfg = Release|Any CPU
		{5879498E-BDBD-47D8-B6A3-7499C04C994E}.Release|Any CPU.Build.0 = Release|Any CPU
	EndGlobalSection
	GlobalSection(SolutionProperties) = preSolution
		HideSolutionNode = FALSE
	EndGlobalSection
	GlobalSection(ExtensibilityGlobals) = postSolution
		SolutionGuid = {0ADADD27-3402-4C8E-B751-E8689BF9A7F4}
	EndGlobalSection
EndGlobal
