
Microsoft Visual Studio Solution File, Format Version 12.00
# Visual Studio Version 16
VisualStudioVersion = 16.0.30503.244
MinimumVisualStudioVersion = 10.0.40219.1
Project("{FAE04EC0-301F-11D3-BF4B-00C04F79EFBC}") = "UserForms", "UserForms\UserForms.csproj", "{9FD3EBB6-47F7-497B-9A30-B4CE1C963C47}"
EndProject
Global
	GlobalSection(SolutionConfigurationPlatforms) = preSolution
		Debug|Any CPU = Debug|Any CPU
		Release|Any CPU = Release|Any CPU
	EndGlobalSection
	GlobalSection(ProjectConfigurationPlatforms) = postSolution
		{9FD3EBB6-47F7-497B-9A30-B4CE1C963C47}.Debug|Any CPU.ActiveCfg = Debug|Any CPU
		{9FD3EBB6-47F7-497B-9A30-B4CE1C963C47}.Debug|Any CPU.Build.0 = Debug|Any CPU
		{9FD3EBB6-47F7-497B-9A30-B4CE1C963C47}.Release|Any CPU.ActiveCfg = Release|Any CPU
		{9FD3EBB6-47F7-497B-9A30-B4CE1C963C47}.Release|Any CPU.Build.0 = Release|Any CPU
	EndGlobalSection
	GlobalSection(SolutionProperties) = preSolution
		HideSolutionNode = FALSE
	EndGlobalSection
	GlobalSection(ExtensibilityGlobals) = postSolution
		SolutionGuid = {782A6CB1-5D17-4ABD-A984-3588CEB1825F}
	EndGlobalSection
EndGlobal
