
Microsoft Visual Studio Solution File, Format Version 12.00
# Visual Studio Version 16
VisualStudioVersion = 16.0.31025.194
MinimumVisualStudioVersion = 10.0.40219.1
Project("{FAE04EC0-301F-11D3-BF4B-00C04F79EFBC}") = "Style_01", "Style_01\Style_01.csproj", "{AE026926-EB09-408E-8CB1-F77192604179}"
EndProject
Global
	GlobalSection(SolutionConfigurationPlatforms) = preSolution
		Debug|Any CPU = Debug|Any CPU
		Release|Any CPU = Release|Any CPU
	EndGlobalSection
	GlobalSection(ProjectConfigurationPlatforms) = postSolution
		{AE026926-EB09-408E-8CB1-F77192604179}.Debug|Any CPU.ActiveCfg = Debug|Any CPU
		{AE026926-EB09-408E-8CB1-F77192604179}.Debug|Any CPU.Build.0 = Debug|Any CPU
		{AE026926-EB09-408E-8CB1-F77192604179}.Release|Any CPU.ActiveCfg = Release|Any CPU
		{AE026926-EB09-408E-8CB1-F77192604179}.Release|Any CPU.Build.0 = Release|Any CPU
	EndGlobalSection
	GlobalSection(SolutionProperties) = preSolution
		HideSolutionNode = FALSE
	EndGlobalSection
	GlobalSection(ExtensibilityGlobals) = postSolution
		SolutionGuid = {2A2F1328-6103-4133-AD80-05DD310925C9}
	EndGlobalSection
EndGlobal
