
Microsoft Visual Studio Solution File, Format Version 12.00
# Visual Studio Version 16
VisualStudioVersion = 16.0.31025.194
MinimumVisualStudioVersion = 10.0.40219.1
Project("{FAE04EC0-301F-11D3-BF4B-00C04F79EFBC}") = "CreatingDataTable", "CreatingDataTable\CreatingDataTable.csproj", "{50D936C5-F355-47C0-9C8A-0DCC47825CEC}"
EndProject
Global
	GlobalSection(SolutionConfigurationPlatforms) = preSolution
		Debug|Any CPU = Debug|Any CPU
		Release|Any CPU = Release|Any CPU
	EndGlobalSection
	GlobalSection(ProjectConfigurationPlatforms) = postSolution
		{50D936C5-F355-47C0-9C8A-0DCC47825CEC}.Debug|Any CPU.ActiveCfg = Debug|Any CPU
		{50D936C5-F355-47C0-9C8A-0DCC47825CEC}.Debug|Any CPU.Build.0 = Debug|Any CPU
		{50D936C5-F355-47C0-9C8A-0DCC47825CEC}.Release|Any CPU.ActiveCfg = Release|Any CPU
		{50D936C5-F355-47C0-9C8A-0DCC47825CEC}.Release|Any CPU.Build.0 = Release|Any CPU
	EndGlobalSection
	GlobalSection(SolutionProperties) = preSolution
		HideSolutionNode = FALSE
	EndGlobalSection
	GlobalSection(ExtensibilityGlobals) = postSolution
		SolutionGuid = {E7F0819D-C19E-47CC-B9D6-5B394C713325}
	EndGlobalSection
EndGlobal
