
Microsoft Visual Studio Solution File, Format Version 12.00
# Visual Studio Version 16
VisualStudioVersion = 16.0.31025.194
MinimumVisualStudioVersion = 10.0.40219.1
Project("{FAE04EC0-301F-11D3-BF4B-00C04F79EFBC}") = "LINQsql_1", "LINQsql_1\LINQsql_1.csproj", "{08436A23-64F6-41A5-A8E9-1734598604D5}"
EndProject
Global
	GlobalSection(SolutionConfigurationPlatforms) = preSolution
		Debug|Any CPU = Debug|Any CPU
		Release|Any CPU = Release|Any CPU
	EndGlobalSection
	GlobalSection(ProjectConfigurationPlatforms) = postSolution
		{08436A23-64F6-41A5-A8E9-1734598604D5}.Debug|Any CPU.ActiveCfg = Debug|Any CPU
		{08436A23-64F6-41A5-A8E9-1734598604D5}.Debug|Any CPU.Build.0 = Debug|Any CPU
		{08436A23-64F6-41A5-A8E9-1734598604D5}.Release|Any CPU.ActiveCfg = Release|Any CPU
		{08436A23-64F6-41A5-A8E9-1734598604D5}.Release|Any CPU.Build.0 = Release|Any CPU
	EndGlobalSection
	GlobalSection(SolutionProperties) = preSolution
		HideSolutionNode = FALSE
	EndGlobalSection
	GlobalSection(ExtensibilityGlobals) = postSolution
		SolutionGuid = {DB4C6A9F-27BE-4016-B002-FD7FC3CEDD03}
	EndGlobalSection
EndGlobal
