
Microsoft Visual Studio Solution File, Format Version 12.00
# Visual Studio Version 16
VisualStudioVersion = 16.0.31025.194
MinimumVisualStudioVersion = 10.0.40219.1
Project("{FAE04EC0-301F-11D3-BF4B-00C04F79EFBC}") = "LINQsqlSproc", "LINQsqlSproc\LINQsqlSproc.csproj", "{C0D65FB1-D945-4BBF-BEA3-73D7A571D2EB}"
EndProject
Global
	GlobalSection(SolutionConfigurationPlatforms) = preSolution
		Debug|Any CPU = Debug|Any CPU
		Release|Any CPU = Release|Any CPU
	EndGlobalSection
	GlobalSection(ProjectConfigurationPlatforms) = postSolution
		{C0D65FB1-D945-4BBF-BEA3-73D7A571D2EB}.Debug|Any CPU.ActiveCfg = Debug|Any CPU
		{C0D65FB1-D945-4BBF-BEA3-73D7A571D2EB}.Debug|Any CPU.Build.0 = Debug|Any CPU
		{C0D65FB1-D945-4BBF-BEA3-73D7A571D2EB}.Release|Any CPU.ActiveCfg = Release|Any CPU
		{C0D65FB1-D945-4BBF-BEA3-73D7A571D2EB}.Release|Any CPU.Build.0 = Release|Any CPU
	EndGlobalSection
	GlobalSection(SolutionProperties) = preSolution
		HideSolutionNode = FALSE
	EndGlobalSection
	GlobalSection(ExtensibilityGlobals) = postSolution
		SolutionGuid = {123F2198-4560-4F29-977C-E66C3CD071AA}
	EndGlobalSection
EndGlobal
