
Microsoft Visual Studio Solution File, Format Version 12.00
# Visual Studio Version 16
VisualStudioVersion = 16.0.31025.194
MinimumVisualStudioVersion = 10.0.40219.1
Project("{FAE04EC0-301F-11D3-BF4B-00C04F79EFBC}") = "DBConnection", "DBConnection\DBConnection.csproj", "{E2E41DB7-F155-4E87-9B19-0C7ED3A3CBAD}"
EndProject
Global
	GlobalSection(SolutionConfigurationPlatforms) = preSolution
		Debug|Any CPU = Debug|Any CPU
		Release|Any CPU = Release|Any CPU
	EndGlobalSection
	GlobalSection(ProjectConfigurationPlatforms) = postSolution
		{E2E41DB7-F155-4E87-9B19-0C7ED3A3CBAD}.Debug|Any CPU.ActiveCfg = Debug|Any CPU
		{E2E41DB7-F155-4E87-9B19-0C7ED3A3CBAD}.Debug|Any CPU.Build.0 = Debug|Any CPU
		{E2E41DB7-F155-4E87-9B19-0C7ED3A3CBAD}.Release|Any CPU.ActiveCfg = Release|Any CPU
		{E2E41DB7-F155-4E87-9B19-0C7ED3A3CBAD}.Release|Any CPU.Build.0 = Release|Any CPU
	EndGlobalSection
	GlobalSection(SolutionProperties) = preSolution
		HideSolutionNode = FALSE
	EndGlobalSection
	GlobalSection(ExtensibilityGlobals) = postSolution
		SolutionGuid = {15C85C9C-C2EA-4AB3-A977-63A4F7CA071F}
	EndGlobalSection
EndGlobal
